// !$*UTF8*$!
{
	archiveVersion = 1;
	classes = {
	};
	objectVersion = 46;
	objects = {

/* Begin PBXBuildFile section */
		1783CC711CACBF1F00B5D42F /* main.m in Sources */ = {isa = PBXBuildFile; fileRef = 1783CC701CACBF1F00B5D42F /* main.m */; };
		1783CC741CACBF1F00B5D42F /* AppDelegate.m in Sources */ = {isa = PBXBuildFile; fileRef = 1783CC731CACBF1F00B5D42F /* AppDelegate.m */; };
		1783CC7A1CACBF1F00B5D42F /* Main.storyboard in Resources */ = {isa = PBXBuildFile; fileRef = 1783CC781CACBF1F00B5D42F /* Main.storyboard */; };
		1783CC7C1CACBF1F00B5D42F /* Assets.xcassets in Resources */ = {isa = PBXBuildFile; fileRef = 1783CC7B1CACBF1F00B5D42F /* Assets.xcassets */; };
		1783CC7F1CACBF1F00B5D42F /* LaunchScreen.storyboard in Resources */ = {isa = PBXBuildFile; fileRef = 1783CC7D1CACBF1F00B5D42F /* LaunchScreen.storyboard */; };
		1783CE871CACFDD700B5D42F /* Foundation+Log.m in Sources */ = {isa = PBXBuildFile; fileRef = 1783CE641CACFDD700B5D42F /* Foundation+Log.m */; };
		1783CE881CACFDD700B5D42F /* NSArray+ICEAdd.m in Sources */ = {isa = PBXBuildFile; fileRef = 1783CE661CACFDD700B5D42F /* NSArray+ICEAdd.m */; };
		1783CE891CACFDD700B5D42F /* NSDate+ICEAdd.m in Sources */ = {isa = PBXBuildFile; fileRef = 1783CE681CACFDD700B5D42F /* NSDate+ICEAdd.m */; };
		1783CE8A1CACFDD700B5D42F /* NSDictionary+ICEAdd.m in Sources */ = {isa = PBXBuildFile; fileRef = 1783CE6A1CACFDD700B5D42F /* NSDictionary+ICEAdd.m */; };
		1783CE8B1CACFDD700B5D42F /* NSFileManager+ICEAdd.m in Sources */ = {isa = PBXBuildFile; fileRef = 1783CE6C1CACFDD700B5D42F /* NSFileManager+ICEAdd.m */; };
		1783CE8C1CACFDD700B5D42F /* NSObject+ICEAdd.m in Sources */ = {isa = PBXBuildFile; fileRef = 1783CE6E1CACFDD700B5D42F /* NSObject+ICEAdd.m */; };
		1783CE8D1CACFDD700B5D42F /* NSTimer+ICEAdd.m in Sources */ = {isa = PBXBuildFile; fileRef = 1783CE701CACFDD700B5D42F /* NSTimer+ICEAdd.m */; };
		1783CE8E1CACFDD700B5D42F /* UIApplication+ICEAdd.m in Sources */ = {isa = PBXBuildFile; fileRef = 1783CE721CACFDD700B5D42F /* UIApplication+ICEAdd.m */; };
		1783CE8F1CACFDD700B5D42F /* UIBarButtonItem+ICEAdd.m in Sources */ = {isa = PBXBuildFile; fileRef = 1783CE761CACFDD700B5D42F /* UIBarButtonItem+ICEAdd.m */; };
		1783CE901CACFDD700B5D42F /* UIButton+ICEBlock.m in Sources */ = {isa = PBXBuildFile; fileRef = 1783CE781CACFDD700B5D42F /* UIButton+ICEBlock.m */; };
		1783CE911CACFDD700B5D42F /* UIColor+ICEAdd.m in Sources */ = {isa = PBXBuildFile; fileRef = 1783CE7A1CACFDD700B5D42F /* UIColor+ICEAdd.m */; };
		1783CE921CACFDD700B5D42F /* UIControl+ICEBlock.m in Sources */ = {isa = PBXBuildFile; fileRef = 1783CE7C1CACFDD700B5D42F /* UIControl+ICEBlock.m */; };
		1783CE931CACFDD700B5D42F /* UIGestureRecognizer+ICEAdd.m in Sources */ = {isa = PBXBuildFile; fileRef = 1783CE7E1CACFDD700B5D42F /* UIGestureRecognizer+ICEAdd.m */; };
		1783CE941CACFDD700B5D42F /* UIImage+ICEAdd.m in Sources */ = {isa = PBXBuildFile; fileRef = 1783CE801CACFDD700B5D42F /* UIImage+ICEAdd.m */; };
		1783CE951CACFDD700B5D42F /* UIScrollView+ICEAdd.m in Sources */ = {isa = PBXBuildFile; fileRef = 1783CE821CACFDD700B5D42F /* UIScrollView+ICEAdd.m */; };
		1783CE961CACFDD700B5D42F /* UITableView+ICEAdd.m in Sources */ = {isa = PBXBuildFile; fileRef = 1783CE841CACFDD700B5D42F /* UITableView+ICEAdd.m */; };
		1783CE971CACFDD700B5D42F /* UIView+ICEAdd.m in Sources */ = {isa = PBXBuildFile; fileRef = 1783CE861CACFDD700B5D42F /* UIView+ICEAdd.m */; };
/* End PBXBuildFile section */

/* Begin PBXFileReference section */
		1783CC6C1CACBF1F00B5D42F /* ICE_Progect.app */ = {isa = PBXFileReference; explicitFileType = wrapper.application; includeInIndex = 0; path = ICE_Progect.app; sourceTree = BUILT_PRODUCTS_DIR; };
		1783CC701CACBF1F00B5D42F /* main.m */ = {isa = PBXFileReference; lastKnownFileType = sourcecode.c.objc; path = main.m; sourceTree = "<group>"; };
		1783CC721CACBF1F00B5D42F /* AppDelegate.h */ = {isa = PBXFileReference; lastKnownFileType = sourcecode.c.h; path = AppDelegate.h; sourceTree = "<group>"; };
		1783CC731CACBF1F00B5D42F /* AppDelegate.m */ = {isa = PBXFileReference; lastKnownFileType = sourcecode.c.objc; path = AppDelegate.m; sourceTree = "<group>"; };
		1783CC791CACBF1F00B5D42F /* Base */ = {isa = PBXFileReference; lastKnownFileType = file.storyboard; name = Base; path = Base.lproj/Main.storyboard; sourceTree = "<group>"; };
		1783CC7B1CACBF1F00B5D42F /* Assets.xcassets */ = {isa = PBXFileReference; lastKnownFileType = folder.assetcatalog; path = Assets.xcassets; sourceTree = "<group>"; };
		1783CC7E1CACBF1F00B5D42F /* Base */ = {isa = PBXFileReference; lastKnownFileType = file.storyboard; name = Base; path = Base.lproj/LaunchScreen.storyboard; sourceTree = "<group>"; };
		1783CC801CACBF1F00B5D42F /* Info.plist */ = {isa = PBXFileReference; lastKnownFileType = text.plist.xml; path = Info.plist; sourceTree = "<group>"; };
		1783CC961CACC06900B5D42F /* Global.h */ = {isa = PBXFileReference; fileEncoding = 4; lastKnownFileType = sourcecode.c.h; path = Global.h; sourceTree = "<group>"; };
		1783CC981CACC06900B5D42F /* WLYUtilsMacro.h */ = {isa = PBXFileReference; fileEncoding = 4; lastKnownFileType = sourcecode.c.h; path = WLYUtilsMacro.h; sourceTree = "<group>"; };
		1783CCA51CACC10900B5D42F /* APIMacro.h */ = {isa = PBXFileReference; fileEncoding = 4; lastKnownFileType = sourcecode.c.h; path = APIMacro.h; sourceTree = "<group>"; };
		1783CE641CACFDD700B5D42F /* Foundation+Log.m */ = {isa = PBXFileReference; fileEncoding = 4; lastKnownFileType = sourcecode.c.objc; path = "Foundation+Log.m"; sourceTree = "<group>"; };
		1783CE651CACFDD700B5D42F /* NSArray+ICEAdd.h */ = {isa = PBXFileReference; fileEncoding = 4; lastKnownFileType = sourcecode.c.h; path = "NSArray+ICEAdd.h"; sourceTree = "<group>"; };
		1783CE661CACFDD700B5D42F /* NSArray+ICEAdd.m */ = {isa = PBXFileReference; fileEncoding = 4; lastKnownFileType = sourcecode.c.objc; path = "NSArray+ICEAdd.m"; sourceTree = "<group>"; };
		1783CE671CACFDD700B5D42F /* NSDate+ICEAdd.h */ = {isa = PBXFileReference; fileEncoding = 4; lastKnownFileType = sourcecode.c.h; path = "NSDate+ICEAdd.h"; sourceTree = "<group>"; };
		1783CE681CACFDD700B5D42F /* NSDate+ICEAdd.m */ = {isa = PBXFileReference; fileEncoding = 4; lastKnownFileType = sourcecode.c.objc; path = "NSDate+ICEAdd.m"; sourceTree = "<group>"; };
		1783CE691CACFDD700B5D42F /* NSDictionary+ICEAdd.h */ = {isa = PBXFileReference; fileEncoding = 4; lastKnownFileType = sourcecode.c.h; path = "NSDictionary+ICEAdd.h"; sourceTree = "<group>"; };
		1783CE6A1CACFDD700B5D42F /* NSDictionary+ICEAdd.m */ = {isa = PBXFileReference; fileEncoding = 4; lastKnownFileType = sourcecode.c.objc; path = "NSDictionary+ICEAdd.m"; sourceTree = "<group>"; };
		1783CE6B1CACFDD700B5D42F /* NSFileManager+ICEAdd.h */ = {isa = PBXFileReference; fileEncoding = 4; lastKnownFileType = sourcecode.c.h; path = "NSFileManager+ICEAdd.h"; sourceTree = "<group>"; };
		1783CE6C1CACFDD700B5D42F /* NSFileManager+ICEAdd.m */ = {isa = PBXFileReference; fileEncoding = 4; lastKnownFileType = sourcecode.c.objc; path = "NSFileManager+ICEAdd.m"; sourceTree = "<group>"; };
		1783CE6D1CACFDD700B5D42F /* NSObject+ICEAdd.h */ = {isa = PBXFileReference; fileEncoding = 4; lastKnownFileType = sourcecode.c.h; path = "NSObject+ICEAdd.h"; sourceTree = "<group>"; };
		1783CE6E1CACFDD700B5D42F /* NSObject+ICEAdd.m */ = {isa = PBXFileReference; fileEncoding = 4; lastKnownFileType = sourcecode.c.objc; path = "NSObject+ICEAdd.m"; sourceTree = "<group>"; };
		1783CE6F1CACFDD700B5D42F /* NSTimer+ICEAdd.h */ = {isa = PBXFileReference; fileEncoding = 4; lastKnownFileType = sourcecode.c.h; path = "NSTimer+ICEAdd.h"; sourceTree = "<group>"; };
		1783CE701CACFDD700B5D42F /* NSTimer+ICEAdd.m */ = {isa = PBXFileReference; fileEncoding = 4; lastKnownFileType = sourcecode.c.objc; path = "NSTimer+ICEAdd.m"; sourceTree = "<group>"; };
		1783CE711CACFDD700B5D42F /* UIApplication+ICEAdd.h */ = {isa = PBXFileReference; fileEncoding = 4; lastKnownFileType = sourcecode.c.h; path = "UIApplication+ICEAdd.h"; sourceTree = "<group>"; };
		1783CE721CACFDD700B5D42F /* UIApplication+ICEAdd.m */ = {isa = PBXFileReference; fileEncoding = 4; lastKnownFileType = sourcecode.c.objc; path = "UIApplication+ICEAdd.m"; sourceTree = "<group>"; };
		1783CE731CACFDD700B5D42F /* ICECategory.h */ = {isa = PBXFileReference; fileEncoding = 4; lastKnownFileType = sourcecode.c.h; path = ICECategory.h; sourceTree = "<group>"; };
		1783CE751CACFDD700B5D42F /* UIBarButtonItem+ICEAdd.h */ = {isa = PBXFileReference; fileEncoding = 4; lastKnownFileType = sourcecode.c.h; path = "UIBarButtonItem+ICEAdd.h"; sourceTree = "<group>"; };
		1783CE761CACFDD700B5D42F /* UIBarButtonItem+ICEAdd.m */ = {isa = PBXFileReference; fileEncoding = 4; lastKnownFileType = sourcecode.c.objc; path = "UIBarButtonItem+ICEAdd.m"; sourceTree = "<group>"; };
		1783CE771CACFDD700B5D42F /* UIButton+ICEBlock.h */ = {isa = PBXFileReference; fileEncoding = 4; lastKnownFileType = sourcecode.c.h; path = "UIButton+ICEBlock.h"; sourceTree = "<group>"; };
		1783CE781CACFDD700B5D42F /* UIButton+ICEBlock.m */ = {isa = PBXFileReference; fileEncoding = 4; lastKnownFileType = sourcecode.c.objc; path = "UIButton+ICEBlock.m"; sourceTree = "<group>"; };
		1783CE791CACFDD700B5D42F /* UIColor+ICEAdd.h */ = {isa = PBXFileReference; fileEncoding = 4; lastKnownFileType = sourcecode.c.h; path = "UIColor+ICEAdd.h"; sourceTree = "<group>"; };
		1783CE7A1CACFDD700B5D42F /* UIColor+ICEAdd.m */ = {isa = PBXFileReference; fileEncoding = 4; lastKnownFileType = sourcecode.c.objc; path = "UIColor+ICEAdd.m"; sourceTree = "<group>"; };
		1783CE7B1CACFDD700B5D42F /* UIControl+ICEBlock.h */ = {isa = PBXFileReference; fileEncoding = 4; lastKnownFileType = sourcecode.c.h; path = "UIControl+ICEBlock.h"; sourceTree = "<group>"; };
		1783CE7C1CACFDD700B5D42F /* UIControl+ICEBlock.m */ = {isa = PBXFileReference; fileEncoding = 4; lastKnownFileType = sourcecode.c.objc; path = "UIControl+ICEBlock.m"; sourceTree = "<group>"; };
		1783CE7D1CACFDD700B5D42F /* UIGestureRecognizer+ICEAdd.h */ = {isa = PBXFileReference; fileEncoding = 4; lastKnownFileType = sourcecode.c.h; path = "UIGestureRecognizer+ICEAdd.h"; sourceTree = "<group>"; };
		1783CE7E1CACFDD700B5D42F /* UIGestureRecognizer+ICEAdd.m */ = {isa = PBXFileReference; fileEncoding = 4; lastKnownFileType = sourcecode.c.objc; path = "UIGestureRecognizer+ICEAdd.m"; sourceTree = "<group>"; };
		1783CE7F1CACFDD700B5D42F /* UIImage+ICEAdd.h */ = {isa = PBXFileReference; fileEncoding = 4; lastKnownFileType = sourcecode.c.h; path = "UIImage+ICEAdd.h"; sourceTree = "<group>"; };
		1783CE801CACFDD700B5D42F /* UIImage+ICEAdd.m */ = {isa = PBXFileReference; fileEncoding = 4; lastKnownFileType = sourcecode.c.objc; path = "UIImage+ICEAdd.m"; sourceTree = "<group>"; };
		1783CE811CACFDD700B5D42F /* UIScrollView+ICEAdd.h */ = {isa = PBXFileReference; fileEncoding = 4; lastKnownFileType = sourcecode.c.h; path = "UIScrollView+ICEAdd.h"; sourceTree = "<group>"; };
		1783CE821CACFDD700B5D42F /* UIScrollView+ICEAdd.m */ = {isa = PBXFileReference; fileEncoding = 4; lastKnownFileType = sourcecode.c.objc; path = "UIScrollView+ICEAdd.m"; sourceTree = "<group>"; };
		1783CE831CACFDD700B5D42F /* UITableView+ICEAdd.h */ = {isa = PBXFileReference; fileEncoding = 4; lastKnownFileType = sourcecode.c.h; path = "UITableView+ICEAdd.h"; sourceTree = "<group>"; };
		1783CE841CACFDD700B5D42F /* UITableView+ICEAdd.m */ = {isa = PBXFileReference; fileEncoding = 4; lastKnownFileType = sourcecode.c.objc; path = "UITableView+ICEAdd.m"; sourceTree = "<group>"; };
		1783CE851CACFDD700B5D42F /* UIView+ICEAdd.h */ = {isa = PBXFileReference; fileEncoding = 4; lastKnownFileType = sourcecode.c.h; path = "UIView+ICEAdd.h"; sourceTree = "<group>"; };
		1783CE861CACFDD700B5D42F /* UIView+ICEAdd.m */ = {isa = PBXFileReference; fileEncoding = 4; lastKnownFileType = sourcecode.c.objc; path = "UIView+ICEAdd.m"; sourceTree = "<group>"; };
/* End PBXFileReference section */

/* Begin PBXFrameworksBuildPhase section */
		1783CC691CACBF1F00B5D42F /* Frameworks */ = {
			isa = PBXFrameworksBuildPhase;
			buildActionMask = 2147483647;
			files = (
			);
			runOnlyForDeploymentPostprocessing = 0;
		};
/* End PBXFrameworksBuildPhase section */

/* Begin PBXGroup section */
		1783CC631CACBF1F00B5D42F = {
			isa = PBXGroup;
			children = (
				1783CC6E1CACBF1F00B5D42F /* ICE_Progect */,
				1783CC6D1CACBF1F00B5D42F /* Products */,
			);
			sourceTree = "<group>";
		};
		1783CC6D1CACBF1F00B5D42F /* Products */ = {
			isa = PBXGroup;
			children = (
				1783CC6C1CACBF1F00B5D42F /* ICE_Progect.app */,
			);
			name = Products;
			sourceTree = "<group>";
		};
		1783CC6E1CACBF1F00B5D42F /* ICE_Progect */ = {
			isa = PBXGroup;
			children = (
				1783CC721CACBF1F00B5D42F /* AppDelegate.h */,
				1783CC731CACBF1F00B5D42F /* AppDelegate.m */,
				1783CC8C1CACBF5F00B5D42F /* Communal */,
				1783CC8B1CACBF5F00B5D42F /* Category */,
				1783CC8D1CACBF5F00B5D42F /* Controllers */,
				1783CC931CACBF5F00B5D42F /* Views */,
				1783CC8E1CACBF5F00B5D42F /* Models */,
				1783CC8F1CACBF5F00B5D42F /* Network */,
				1783CC911CACBF5F00B5D42F /* Resource */,
				1783CC921CACBF5F00B5D42F /* Third */,
				1783CC901CACBF5F00B5D42F /* Other */,
				1783CC781CACBF1F00B5D42F /* Main.storyboard */,
				1783CC7B1CACBF1F00B5D42F /* Assets.xcassets */,
				1783CC7D1CACBF1F00B5D42F /* LaunchScreen.storyboard */,
				1783CC801CACBF1F00B5D42F /* Info.plist */,
				1783CC6F1CACBF1F00B5D42F /* Supporting Files */,
			);
			path = ICE_Progect;
			sourceTree = "<group>";
		};
		1783CC6F1CACBF1F00B5D42F /* Supporting Files */ = {
			isa = PBXGroup;
			children = (
				1783CC701CACBF1F00B5D42F /* main.m */,
			);
			name = "Supporting Files";
			sourceTree = "<group>";
		};
		1783CC8B1CACBF5F00B5D42F /* Category */ = {
			isa = PBXGroup;
			children = (
				1783CE621CACFDD700B5D42F /* ICECategory */,
			);
			path = Category;
			sourceTree = "<group>";
		};
		1783CC8C1CACBF5F00B5D42F /* Communal */ = {
			isa = PBXGroup;
			children = (
				1783CC961CACC06900B5D42F /* Global.h */,
				1783CCA51CACC10900B5D42F /* APIMacro.h */,
				1783CC981CACC06900B5D42F /* WLYUtilsMacro.h */,
			);
			path = Communal;
			sourceTree = "<group>";
		};
		1783CC8D1CACBF5F00B5D42F /* Controllers */ = {
			isa = PBXGroup;
			children = (
			);
			path = Controllers;
			sourceTree = "<group>";
		};
		1783CC8E1CACBF5F00B5D42F /* Models */ = {
			isa = PBXGroup;
			children = (
			);
			path = Models;
			sourceTree = "<group>";
		};
		1783CC8F1CACBF5F00B5D42F /* Network */ = {
			isa = PBXGroup;
			children = (
			);
			path = Network;
			sourceTree = "<group>";
		};
		1783CC901CACBF5F00B5D42F /* Other */ = {
			isa = PBXGroup;
			children = (
			);
			path = Other;
			sourceTree = "<group>";
		};
		1783CC911CACBF5F00B5D42F /* Resource */ = {
			isa = PBXGroup;
			children = (
			);
			path = Resource;
			sourceTree = "<group>";
		};
		1783CC921CACBF5F00B5D42F /* Third */ = {
			isa = PBXGroup;
			children = (
			);
			path = Third;
			sourceTree = "<group>";
		};
		1783CC931CACBF5F00B5D42F /* Views */ = {
			isa = PBXGroup;
			children = (
			);
			path = Views;
			sourceTree = "<group>";
		};
		1783CE621CACFDD700B5D42F /* ICECategory */ = {
			isa = PBXGroup;
			children = (
				1783CE631CACFDD700B5D42F /* foundation */,
				1783CE731CACFDD700B5D42F /* ICECategory.h */,
				1783CE741CACFDD700B5D42F /* UIKit */,
			);
			path = ICECategory;
			sourceTree = "<group>";
		};
		1783CE631CACFDD700B5D42F /* foundation */ = {
			isa = PBXGroup;
			children = (
				1783CE641CACFDD700B5D42F /* Foundation+Log.m */,
				1783CE651CACFDD700B5D42F /* NSArray+ICEAdd.h */,
				1783CE661CACFDD700B5D42F /* NSArray+ICEAdd.m */,
				1783CE671CACFDD700B5D42F /* NSDate+ICEAdd.h */,
				1783CE681CACFDD700B5D42F /* NSDate+ICEAdd.m */,
				1783CE691CACFDD700B5D42F /* NSDictionary+ICEAdd.h */,
				1783CE6A1CACFDD700B5D42F /* NSDictionary+ICEAdd.m */,
				1783CE6B1CACFDD700B5D42F /* NSFileManager+ICEAdd.h */,
				1783CE6C1CACFDD700B5D42F /* NSFileManager+ICEAdd.m */,
				1783CE6D1CACFDD700B5D42F /* NSObject+ICEAdd.h */,
				1783CE6E1CACFDD700B5D42F /* NSObject+ICEAdd.m */,
				1783CE6F1CACFDD700B5D42F /* NSTimer+ICEAdd.h */,
				1783CE701CACFDD700B5D42F /* NSTimer+ICEAdd.m */,
				1783CE711CACFDD700B5D42F /* UIApplication+ICEAdd.h */,
				1783CE721CACFDD700B5D42F /* UIApplication+ICEAdd.m */,
			);
			path = foundation;
			sourceTree = "<group>";
		};
		1783CE741CACFDD700B5D42F /* UIKit */ = {
			isa = PBXGroup;
			children = (
				1783CE751CACFDD700B5D42F /* UIBarButtonItem+ICEAdd.h */,
				1783CE761CACFDD700B5D42F /* UIBarButtonItem+ICEAdd.m */,
				1783CE771CACFDD700B5D42F /* UIButton+ICEBlock.h */,
				1783CE781CACFDD700B5D42F /* UIButton+ICEBlock.m */,
				1783CE791CACFDD700B5D42F /* UIColor+ICEAdd.h */,
				1783CE7A1CACFDD700B5D42F /* UIColor+ICEAdd.m */,
				1783CE7B1CACFDD700B5D42F /* UIControl+ICEBlock.h */,
				1783CE7C1CACFDD700B5D42F /* UIControl+ICEBlock.m */,
				1783CE7D1CACFDD700B5D42F /* UIGestureRecognizer+ICEAdd.h */,
				1783CE7E1CACFDD700B5D42F /* UIGestureRecognizer+ICEAdd.m */,
				1783CE7F1CACFDD700B5D42F /* UIImage+ICEAdd.h */,
				1783CE801CACFDD700B5D42F /* UIImage+ICEAdd.m */,
				1783CE811CACFDD700B5D42F /* UIScrollView+ICEAdd.h */,
				1783CE821CACFDD700B5D42F /* UIScrollView+ICEAdd.m */,
				1783CE831CACFDD700B5D42F /* UITableView+ICEAdd.h */,
				1783CE841CACFDD700B5D42F /* UITableView+ICEAdd.m */,
				1783CE851CACFDD700B5D42F /* UIView+ICEAdd.h */,
				1783CE861CACFDD700B5D42F /* UIView+ICEAdd.m */,
			);
			path = UIKit;
			sourceTree = "<group>";
		};
/* End PBXGroup section */

/* Begin PBXNativeTarget section */
		1783CC6B1CACBF1F00B5D42F /* ICE_Progect */ = {
			isa = PBXNativeTarget;
			buildConfigurationList = 1783CC831CACBF1F00B5D42F /* Build configuration list for PBXNativeTarget "ICE_Progect" */;
			buildPhases = (
				1783CC681CACBF1F00B5D42F /* Sources */,
				1783CC691CACBF1F00B5D42F /* Frameworks */,
				1783CC6A1CACBF1F00B5D42F /* Resources */,
			);
			buildRules = (
			);
			dependencies = (
			);
			name = ICE_Progect;
			productName = ICE_Progect;
			productReference = 1783CC6C1CACBF1F00B5D42F /* ICE_Progect.app */;
			productType = "com.apple.product-type.application";
		};
/* End PBXNativeTarget section */

/* Begin PBXProject section */
		1783CC641CACBF1F00B5D42F /* Project object */ = {
			isa = PBXProject;
			attributes = {
				LastUpgradeCheck = 0730;
				ORGANIZATIONNAME = GMX;
				TargetAttributes = {
					1783CC6B1CACBF1F00B5D42F = {
						CreatedOnToolsVersion = 7.3;
					};
				};
			};
			buildConfigurationList = 1783CC671CACBF1F00B5D42F /* Build configuration list for PBXProject "ICE_Progect" */;
			compatibilityVersion = "Xcode 3.2";
			developmentRegion = English;
			hasScannedForEncodings = 0;
			knownRegions = (
				en,
				Base,
			);
			mainGroup = 1783CC631CACBF1F00B5D42F;
			productRefGroup = 1783CC6D1CACBF1F00B5D42F /* Products */;
			projectDirPath = "";
			projectRoot = "";
			targets = (
				1783CC6B1CACBF1F00B5D42F /* ICE_Progect */,
			);
		};
/* End PBXProject section */

/* Begin PBXResourcesBuildPhase section */
		1783CC6A1CACBF1F00B5D42F /* Resources */ = {
			isa = PBXResourcesBuildPhase;
			buildActionMask = 2147483647;
			files = (
				1783CC7F1CACBF1F00B5D42F /* LaunchScreen.storyboard in Resources */,
				1783CC7C1CACBF1F00B5D42F /* Assets.xcassets in Resources */,
				1783CC7A1CACBF1F00B5D42F /* Main.storyboard in Resources */,
			);
			runOnlyForDeploymentPostprocessing = 0;
		};
/* End PBXResourcesBuildPhase section */

/* Begin PBXSourcesBuildPhase section */
		1783CC681CACBF1F00B5D42F /* Sources */ = {
			isa = PBXSourcesBuildPhase;
			buildActionMask = 2147483647;
			files = (
				1783CE881CACFDD700B5D42F /* NSArray+ICEAdd.m in Sources */,
				1783CE941CACFDD700B5D42F /* UIImage+ICEAdd.m in Sources */,
				1783CE8C1CACFDD700B5D42F /* NSObject+ICEAdd.m in Sources */,
				1783CE8E1CACFDD700B5D42F /* UIApplication+ICEAdd.m in Sources */,
				1783CE951CACFDD700B5D42F /* UIScrollView+ICEAdd.m in Sources */,
				1783CE961CACFDD700B5D42F /* UITableView+ICEAdd.m in Sources */,
				1783CE971CACFDD700B5D42F /* UIView+ICEAdd.m in Sources */,
				1783CE8F1CACFDD700B5D42F /* UIBarButtonItem+ICEAdd.m in Sources */,
				1783CE891CACFDD700B5D42F /* NSDate+ICEAdd.m in Sources */,
				1783CE8B1CACFDD700B5D42F /* NSFileManager+ICEAdd.m in Sources */,
				1783CE911CACFDD700B5D42F /* UIColor+ICEAdd.m in Sources */,
				1783CE8D1CACFDD700B5D42F /* NSTimer+ICEAdd.m in Sources */,
				1783CE901CACFDD700B5D42F /* UIButton+ICEBlock.m in Sources */,
				1783CC741CACBF1F00B5D42F /* AppDelegate.m in Sources */,
				1783CC711CACBF1F00B5D42F /* main.m in Sources */,
				1783CE8A1CACFDD700B5D42F /* NSDictionary+ICEAdd.m in Sources */,
				1783CE871CACFDD700B5D42F /* Foundation+Log.m in Sources */,
				1783CE931CACFDD700B5D42F /* UIGestureRecognizer+ICEAdd.m in Sources */,
				1783CE921CACFDD700B5D42F /* UIControl+ICEBlock.m in Sources */,
			);
			runOnlyForDeploymentPostprocessing = 0;
		};
/* End PBXSourcesBuildPhase section */

/* Begin PBXVariantGroup section */
		1783CC781CACBF1F00B5D42F /* Main.storyboard */ = {
			isa = PBXVariantGroup;
			children = (
				1783CC791CACBF1F00B5D42F /* Base */,
			);
			name = Main.storyboard;
			sourceTree = "<group>";
		};
		1783CC7D1CACBF1F00B5D42F /* LaunchScreen.storyboard */ = {
			isa = PBXVariantGroup;
			children = (
				1783CC7E1CACBF1F00B5D42F /* Base */,
			);
			name = LaunchScreen.storyboard;
			sourceTree = "<group>";
		};
/* End PBXVariantGroup section */

/* Begin XCBuildConfiguration section */
		1783CC811CACBF1F00B5D42F /* Debug */ = {
			isa = XCBuildConfiguration;
			buildSettings = {
				ALWAYS_SEARCH_USER_PATHS = NO;
				CLANG_ANALYZER_NONNULL = YES;
				CLANG_CXX_LANGUAGE_STANDARD = "gnu++0x";
				CLANG_CXX_LIBRARY = "libc++";
				CLANG_ENABLE_MODULES = YES;
				CLANG_ENABLE_OBJC_ARC = YES;
				CLANG_WARN_BOOL_CONVERSION = YES;
				CLANG_WARN_CONSTANT_CONVERSION = YES;
				CLANG_WARN_DIRECT_OBJC_ISA_USAGE = YES_ERROR;
				CLANG_WARN_EMPTY_BODY = YES;
				CLANG_WARN_ENUM_CONVERSION = YES;
				CLANG_WARN_INT_CONVERSION = YES;
				CLANG_WARN_OBJC_ROOT_CLASS = YES_ERROR;
				CLANG_WARN_UNREACHABLE_CODE = YES;
				CLANG_WARN__DUPLICATE_METHOD_MATCH = YES;
				"CODE_SIGN_IDENTITY[sdk=iphoneos*]" = "iPhone Developer";
				COPY_PHASE_STRIP = NO;
				DEBUG_INFORMATION_FORMAT = dwarf;
				ENABLE_STRICT_OBJC_MSGSEND = YES;
				ENABLE_TESTABILITY = YES;
				GCC_C_LANGUAGE_STANDARD = gnu99;
				GCC_DYNAMIC_NO_PIC = NO;
				GCC_NO_COMMON_BLOCKS = YES;
				GCC_OPTIMIZATION_LEVEL = 0;
				GCC_PREPROCESSOR_DEFINITIONS = (
					"DEBUG=1",
					"$(inherited)",
				);
				GCC_WARN_64_TO_32_BIT_CONVERSION = YES;
				GCC_WARN_ABOUT_RETURN_TYPE = YES_ERROR;
				GCC_WARN_UNDECLARED_SELECTOR = YES;
				GCC_WARN_UNINITIALIZED_AUTOS = YES_AGGRESSIVE;
				GCC_WARN_UNUSED_FUNCTION = YES;
				GCC_WARN_UNUSED_VARIABLE = YES;
				IPHONEOS_DEPLOYMENT_TARGET = 9.3;
				MTL_ENABLE_DEBUG_INFO = YES;
				ONLY_ACTIVE_ARCH = YES;
				SDKROOT = iphoneos;
				TARGETED_DEVICE_FAMILY = "1,2";
			};
			name = Debug;
		};
		1783CC821CACBF1F00B5D42F /* Release */ = {
			isa = XCBuildConfiguration;
			buildSettings = {
				ALWAYS_SEARCH_USER_PATHS = NO;
				CLANG_ANALYZER_NONNULL = YES;
				CLANG_CXX_LANGUAGE_STANDARD = "gnu++0x";
				CLANG_CXX_LIBRARY = "libc++";
				CLANG_ENABLE_MODULES = YES;
				CLANG_ENABLE_OBJC_ARC = YES;
				CLANG_WARN_BOOL_CONVERSION = YES;
				CLANG_WARN_CONSTANT_CONVERSION = YES;
				CLANG_WARN_DIRECT_OBJC_ISA_USAGE = YES_ERROR;
				CLANG_WARN_EMPTY_BODY = YES;
				CLANG_WARN_ENUM_CONVERSION = YES;
				CLANG_WARN_INT_CONVERSION = YES;
				CLANG_WARN_OBJC_ROOT_CLASS = YES_ERROR;
				CLANG_WARN_UNREACHABLE_CODE = YES;
				CLANG_WARN__DUPLICATE_METHOD_MATCH = YES;
				"CODE_SIGN_IDENTITY[sdk=iphoneos*]" = "iPhone Developer";
				COPY_PHASE_STRIP = NO;
				DEBUG_INFORMATION_FORMAT = "dwarf-with-dsym";
				ENABLE_NS_ASSERTIONS = NO;
				ENABLE_STRICT_OBJC_MSGSEND = YES;
				GCC_C_LANGUAGE_STANDARD = gnu99;
				GCC_NO_COMMON_BLOCKS = YES;
				GCC_WARN_64_TO_32_BIT_CONVERSION = YES;
				GCC_WARN_ABOUT_RETURN_TYPE = YES_ERROR;
				GCC_WARN_UNDECLARED_SELECTOR = YES;
				GCC_WARN_UNINITIALIZED_AUTOS = YES_AGGRESSIVE;
				GCC_WARN_UNUSED_FUNCTION = YES;
				GCC_WARN_UNUSED_VARIABLE = YES;
				IPHONEOS_DEPLOYMENT_TARGET = 9.3;
				MTL_ENABLE_DEBUG_INFO = NO;
				SDKROOT = iphoneos;
				TARGETED_DEVICE_FAMILY = "1,2";
				VALIDATE_PRODUCT = YES;
			};
			name = Release;
		};
		1783CC841CACBF1F00B5D42F /* Debug */ = {
			isa = XCBuildConfiguration;
			buildSettings = {
				ASSETCATALOG_COMPILER_APPICON_NAME = AppIcon;
				INFOPLIST_FILE = ICE_Progect/Info.plist;
				LD_RUNPATH_SEARCH_PATHS = "$(inherited) @executable_path/Frameworks";
				PRODUCT_BUNDLE_IDENTIFIER = "com.wanliyun.ICE-Progect";
				PRODUCT_NAME = "$(TARGET_NAME)";
			};
			name = Debug;
		};
		1783CC851CACBF1F00B5D42F /* Release */ = {
			isa = XCBuildConfiguration;
			buildSettings = {
				ASSETCATALOG_COMPILER_APPICON_NAME = AppIcon;
				INFOPLIST_FILE = ICE_Progect/Info.plist;
				LD_RUNPATH_SEARCH_PATHS = "$(inherited) @executable_path/Frameworks";
				PRODUCT_BUNDLE_IDENTIFIER = "com.wanliyun.ICE-Progect";
				PRODUCT_NAME = "$(TARGET_NAME)";
			};
			name = Release;
		};
/* End XCBuildConfiguration section */

/* Begin XCConfigurationList section */
		1783CC671CACBF1F00B5D42F /* Build configuration list for PBXProject "ICE_Progect" */ = {
			isa = XCConfigurationList;
			buildConfigurations = (
				1783CC811CACBF1F00B5D42F /* Debug */,
				1783CC821CACBF1F00B5D42F /* Release */,
			);
			defaultConfigurationIsVisible = 0;
			defaultConfigurationName = Release;
		};
		1783CC831CACBF1F00B5D42F /* Build configuration list for PBXNativeTarget "ICE_Progect" */ = {
			isa = XCConfigurationList;
			buildConfigurations = (
				1783CC841CACBF1F00B5D42F /* Debug */,
				1783CC851CACBF1F00B5D42F /* Release */,
			);
			defaultConfigurationIsVisible = 0;
			defaultConfigurationName = Release;
		};
/* End XCConfigurationList section */
	};
	rootObject = 1783CC641CACBF1F00B5D42F /* Project object */;
}
